
Microsoft Visual Studio Solution File, Format Version 12.00
# Visual Studio Version 16
VisualStudioVersion = 16.0.29123.88
MinimumVisualStudioVersion = 10.0.40219.1
Project("{FAE04EC0-301F-11D3-BF4B-00C04F79EFBC}") = "ShoppingCart", "ShoppingCart\ShoppingCart.csproj", "{8FBB0CC4-F460-45DA-B76D-225D89FA8A19}"
EndProject
Project("{FAE04EC0-301F-11D3-BF4B-00C04F79EFBC}") = "ShoppingCart.Tests", "ShoppingCart.Tests\ShoppingCart.Tests.csproj", "{FED43ACB-C5C6-4871-B992-FDBE0696F697}"
EndProject
Project("{2150E333-8FDC-42A3-9474-1A3956D46DE8}") = "Solution Items", "Solution Items", "{A1691805-21F4-4008-8EC1-916F54E96890}"
	ProjectSection(SolutionItems) = preProject
		Readme.md = Readme.md
	EndProjectSection
EndProject
Global
	GlobalSection(SolutionConfigurationPlatforms) = preSolution
		Debug|Any CPU = Debug|Any CPU
		Release|Any CPU = Release|Any CPU
	EndGlobalSection
	GlobalSection(ProjectConfigurationPlatforms) = postSolution
		{8FBB0CC4-F460-45DA-B76D-225D89FA8A19}.Debug|Any CPU.ActiveCfg = Debug|Any CPU
		{8FBB0CC4-F460-45DA-B76D-225D89FA8A19}.Debug|Any CPU.Build.0 = Debug|Any CPU
		{8FBB0CC4-F460-45DA-B76D-225D89FA8A19}.Release|Any CPU.ActiveCfg = Release|Any CPU
		{8FBB0CC4-F460-45DA-B76D-225D89FA8A19}.Release|Any CPU.Build.0 = Release|Any CPU
		{FED43ACB-C5C6-4871-B992-FDBE0696F697}.Debug|Any CPU.ActiveCfg = Debug|Any CPU
		{FED43ACB-C5C6-4871-B992-FDBE0696F697}.Debug|Any CPU.Build.0 = Debug|Any CPU
		{FED43ACB-C5C6-4871-B992-FDBE0696F697}.Release|Any CPU.ActiveCfg = Release|Any CPU
		{FED43ACB-C5C6-4871-B992-FDBE0696F697}.Release|Any CPU.Build.0 = Release|Any CPU
	EndGlobalSection
	GlobalSection(SolutionProperties) = preSolution
		HideSolutionNode = FALSE
	EndGlobalSection
	GlobalSection(ExtensibilityGlobals) = postSolution
		SolutionGuid = {A45E6156-29A6-47C8-AA1F-53E505826B38}
	EndGlobalSection
EndGlobal
